
Microsoft Visual Studio Solution File, Format Version 12.00
# Visual Studio Version 16
VisualStudioVersion = 16.0.31321.278
MinimumVisualStudioVersion = 10.0.40219.1
Project("{FAE04EC0-301F-11D3-BF4B-00C04F79EFBC}") = "TechStyle.Android", "TechStyle.Android\TechStyle.Android.csproj", "{5B5ABF81-8521-41A8-980D-067A68D59F46}"
EndProject
Project("{FAE04EC0-301F-11D3-BF4B-00C04F79EFBC}") = "TechStyle.iOS", "TechStyle.iOS\TechStyle.iOS.csproj", "{158558B6-B45B-4A73-8135-37166B28A00B}"
EndProject
Project("{FAE04EC0-301F-11D3-BF4B-00C04F79EFBC}") = "TechStyle", "TechStyle\TechStyle.csproj", "{7A1BA825-282C-4D18-B97E-A512BE24F074}"
EndProject
Global
	GlobalSection(SolutionConfigurationPlatforms) = preSolution
		Debug|Any CPU = Debug|Any CPU
		Debug|iPhone = Debug|iPhone
		Debug|iPhoneSimulator = Debug|iPhoneSimulator
		Release|Any CPU = Release|Any CPU
		Release|iPhone = Release|iPhone
		Release|iPhoneSimulator = Release|iPhoneSimulator
	EndGlobalSection
	GlobalSection(ProjectConfigurationPlatforms) = postSolution
		{5B5ABF81-8521-41A8-980D-067A68D59F46}.Debug|Any CPU.ActiveCfg = Debug|Any CPU
		{5B5ABF81-8521-41A8-980D-067A68D59F46}.Debug|Any CPU.Build.0 = Debug|Any CPU
		{5B5ABF81-8521-41A8-980D-067A68D59F46}.Debug|Any CPU.Deploy.0 = Debug|Any CPU
		{5B5ABF81-8521-41A8-980D-067A68D59F46}.Debug|iPhone.ActiveCfg = Debug|Any CPU
		{5B5ABF81-8521-41A8-980D-067A68D59F46}.Debug|iPhone.Build.0 = Debug|Any CPU
		{5B5ABF81-8521-41A8-980D-067A68D59F46}.Debug|iPhone.Deploy.0 = Debug|Any CPU
		{5B5ABF81-8521-41A8-980D-067A68D59F46}.Debug|iPhoneSimulator.ActiveCfg = Debug|Any CPU
		{5B5ABF81-8521-41A8-980D-067A68D59F46}.Debug|iPhoneSimulator.Build.0 = Debug|Any CPU
		{5B5ABF81-8521-41A8-980D-067A68D59F46}.Debug|iPhoneSimulator.Deploy.0 = Debug|Any CPU
		{5B5ABF81-8521-41A8-980D-067A68D59F46}.Release|Any CPU.ActiveCfg = Release|Any CPU
		{5B5ABF81-8521-41A8-980D-067A68D59F46}.Release|Any CPU.Build.0 = Release|Any CPU
		{5B5ABF81-8521-41A8-980D-067A68D59F46}.Release|Any CPU.Deploy.0 = Release|Any CPU
		{5B5ABF81-8521-41A8-980D-067A68D59F46}.Release|iPhone.ActiveCfg = Release|Any CPU
		{5B5ABF81-8521-41A8-980D-067A68D59F46}.Release|iPhone.Build.0 = Release|Any CPU
		{5B5ABF81-8521-41A8-980D-067A68D59F46}.Release|iPhone.Deploy.0 = Release|Any CPU
		{5B5ABF81-8521-41A8-980D-067A68D59F46}.Release|iPhoneSimulator.ActiveCfg = Release|Any CPU
		{5B5ABF81-8521-41A8-980D-067A68D59F46}.Release|iPhoneSimulator.Build.0 = Release|Any CPU
		{5B5ABF81-8521-41A8-980D-067A68D59F46}.Release|iPhoneSimulator.Deploy.0 = Release|Any CPU
		{158558B6-B45B-4A73-8135-37166B28A00B}.Debug|Any CPU.ActiveCfg = Debug|iPhone
		{158558B6-B45B-4A73-8135-37166B28A00B}.Debug|Any CPU.Build.0 = Debug|iPhone
		{158558B6-B45B-4A73-8135-37166B28A00B}.Debug|Any CPU.Deploy.0 = Debug|iPhone
		{158558B6-B45B-4A73-8135-37166B28A00B}.Debug|iPhone.ActiveCfg = Debug|iPhone
		{158558B6-B45B-4A73-8135-37166B28A00B}.Debug|iPhone.Build.0 = Debug|iPhone
		{158558B6-B45B-4A73-8135-37166B28A00B}.Debug|iPhone.Deploy.0 = Debug|iPhone
		{158558B6-B45B-4A73-8135-37166B28A00B}.Debug|iPhoneSimulator.ActiveCfg = Debug|iPhoneSimulator
		{158558B6-B45B-4A73-8135-37166B28A00B}.Debug|iPhoneSimulator.Build.0 = Debug|iPhoneSimulator
		{158558B6-B45B-4A73-8135-37166B28A00B}.Debug|iPhoneSimulator.Deploy.0 = Debug|iPhoneSimulator
		{158558B6-B45B-4A73-8135-37166B28A00B}.Release|Any CPU.ActiveCfg = Release|iPhoneSimulator
		{158558B6-B45B-4A73-8135-37166B28A00B}.Release|Any CPU.Build.0 = Release|iPhoneSimulator
		{158558B6-B45B-4A73-8135-37166B28A00B}.Release|Any CPU.Deploy.0 = Release|iPhoneSimulator
		{158558B6-B45B-4A73-8135-37166B28A00B}.Release|iPhone.ActiveCfg = Release|iPhone
		{158558B6-B45B-4A73-8135-37166B28A00B}.Release|iPhone.Build.0 = Release|iPhone
		{158558B6-B45B-4A73-8135-37166B28A00B}.Release|iPhone.Deploy.0 = Release|iPhone
		{158558B6-B45B-4A73-8135-37166B28A00B}.Release|iPhoneSimulator.ActiveCfg = Release|iPhoneSimulator
		{158558B6-B45B-4A73-8135-37166B28A00B}.Release|iPhoneSimulator.Build.0 = Release|iPhoneSimulator
		{158558B6-B45B-4A73-8135-37166B28A00B}.Release|iPhoneSimulator.Deploy.0 = Release|iPhoneSimulator
		{7A1BA825-282C-4D18-B97E-A512BE24F074}.Debug|Any CPU.ActiveCfg = Debug|Any CPU
		{7A1BA825-282C-4D18-B97E-A512BE24F074}.Debug|Any CPU.Build.0 = Debug|Any CPU
		{7A1BA825-282C-4D18-B97E-A512BE24F074}.Debug|Any CPU.Deploy.0 = Debug|Any CPU
		{7A1BA825-282C-4D18-B97E-A512BE24F074}.Debug|iPhone.ActiveCfg = Debug|Any CPU
		{7A1BA825-282C-4D18-B97E-A512BE24F074}.Debug|iPhone.Build.0 = Debug|Any CPU
		{7A1BA825-282C-4D18-B97E-A512BE24F074}.Debug|iPhone.Deploy.0 = Debug|Any CPU
		{7A1BA825-282C-4D18-B97E-A512BE24F074}.Debug|iPhoneSimulator.ActiveCfg = Debug|Any CPU
		{7A1BA825-282C-4D18-B97E-A512BE24F074}.Debug|iPhoneSimulator.Build.0 = Debug|Any CPU
		{7A1BA825-282C-4D18-B97E-A512BE24F074}.Debug|iPhoneSimulator.Deploy.0 = Debug|Any CPU
		{7A1BA825-282C-4D18-B97E-A512BE24F074}.Release|Any CPU.ActiveCfg = Release|Any CPU
		{7A1BA825-282C-4D18-B97E-A512BE24F074}.Release|Any CPU.Build.0 = Release|Any CPU
		{7A1BA825-282C-4D18-B97E-A512BE24F074}.Release|Any CPU.Deploy.0 = Release|Any CPU
		{7A1BA825-282C-4D18-B97E-A512BE24F074}.Release|iPhone.ActiveCfg = Release|Any CPU
		{7A1BA825-282C-4D18-B97E-A512BE24F074}.Release|iPhone.Build.0 = Release|Any CPU
		{7A1BA825-282C-4D18-B97E-A512BE24F074}.Release|iPhone.Deploy.0 = Release|Any CPU
		{7A1BA825-282C-4D18-B97E-A512BE24F074}.Release|iPhoneSimulator.ActiveCfg = Release|Any CPU
		{7A1BA825-282C-4D18-B97E-A512BE24F074}.Release|iPhoneSimulator.Build.0 = Release|Any CPU
		{7A1BA825-282C-4D18-B97E-A512BE24F074}.Release|iPhoneSimulator.Deploy.0 = Release|Any CPU
	EndGlobalSection
	GlobalSection(SolutionProperties) = preSolution
		HideSolutionNode = FALSE
	EndGlobalSection
	GlobalSection(ExtensibilityGlobals) = postSolution
		SolutionGuid = {8C68E139-B6CD-47F4-B5D6-CBEA00CC057C}
	EndGlobalSection
EndGlobal
